
Microsoft Visual Studio Solution File, Format Version 12.00
# Visual Studio Version 17
VisualStudioVersion = 17.4.33122.133
MinimumVisualStudioVersion = 10.0.40219.1
Project("{FAE04EC0-301F-11D3-BF4B-00C04F79EFBC}") = "ПоискКратчайшегоПути", "ПоискКратчайшегоПути.csproj", "{3C9AF0AA-F5D6-4BDB-B2ED-6058A18FD658}"
EndProject
Global
	GlobalSection(SolutionConfigurationPlatforms) = preSolution
		Debug|Any CPU = Debug|Any CPU
		Release|Any CPU = Release|Any CPU
	EndGlobalSection
	GlobalSection(ProjectConfigurationPlatforms) = postSolution
		{3C9AF0AA-F5D6-4BDB-B2ED-6058A18FD658}.Debug|Any CPU.ActiveCfg = Debug|Any CPU
		{3C9AF0AA-F5D6-4BDB-B2ED-6058A18FD658}.Debug|Any CPU.Build.0 = Debug|Any CPU
		{3C9AF0AA-F5D6-4BDB-B2ED-6058A18FD658}.Release|Any CPU.ActiveCfg = Release|Any CPU
		{3C9AF0AA-F5D6-4BDB-B2ED-6058A18FD658}.Release|Any CPU.Build.0 = Release|Any CPU
	EndGlobalSection
	GlobalSection(SolutionProperties) = preSolution
		HideSolutionNode = FALSE
	EndGlobalSection
	GlobalSection(ExtensibilityGlobals) = postSolution
		SolutionGuid = {F211EBF3-8656-49F2-8293-7F758E913E96}
	EndGlobalSection
EndGlobal
